
Microsoft Visual Studio Solution File, Format Version 12.00
# Visual Studio 2012
Project("{D954291E-2A0B-460D-934E-DC6B0785DB48}") = "CGFSMVVM", "CGFSMVVM\CGFSMVVM.shproj", "{481B21AA-B49B-41C8-848E-DF0883C294C8}"
EndProject
Project("{FAE04EC0-301F-11D3-BF4B-00C04F79EFBC}") = "CGFSMVVM.iOS", "iOS\CGFSMVVM.iOS.csproj", "{E1396656-31F5-48A1-B936-5DCCBA58A4BF}"
EndProject
Project("{FAE04EC0-301F-11D3-BF4B-00C04F79EFBC}") = "CGFSMVVM.Droid", "Droid\CGFSMVVM.Droid.csproj", "{B62DD3DC-4B63-4EF8-84A4-67090E964CE2}"
EndProject
Global
	GlobalSection(SolutionConfigurationPlatforms) = preSolution
		Debug|iPhoneSimulator = Debug|iPhoneSimulator
		Release|iPhone = Release|iPhone
		Release|iPhoneSimulator = Release|iPhoneSimulator
		Debug|iPhone = Debug|iPhone
		Debug|Any CPU = Debug|Any CPU
		Release|Any CPU = Release|Any CPU
	EndGlobalSection
	GlobalSection(ProjectConfigurationPlatforms) = postSolution
		{E1396656-31F5-48A1-B936-5DCCBA58A4BF}.Debug|iPhoneSimulator.ActiveCfg = Debug|iPhoneSimulator
		{E1396656-31F5-48A1-B936-5DCCBA58A4BF}.Debug|iPhoneSimulator.Build.0 = Debug|iPhoneSimulator
		{E1396656-31F5-48A1-B936-5DCCBA58A4BF}.Release|iPhone.ActiveCfg = Release|iPhone
		{E1396656-31F5-48A1-B936-5DCCBA58A4BF}.Release|iPhone.Build.0 = Release|iPhone
		{E1396656-31F5-48A1-B936-5DCCBA58A4BF}.Release|iPhoneSimulator.ActiveCfg = Release|iPhoneSimulator
		{E1396656-31F5-48A1-B936-5DCCBA58A4BF}.Release|iPhoneSimulator.Build.0 = Release|iPhoneSimulator
		{E1396656-31F5-48A1-B936-5DCCBA58A4BF}.Debug|iPhone.ActiveCfg = Debug|iPhone
		{E1396656-31F5-48A1-B936-5DCCBA58A4BF}.Debug|iPhone.Build.0 = Debug|iPhone
		{E1396656-31F5-48A1-B936-5DCCBA58A4BF}.Debug|Any CPU.ActiveCfg = Debug|iPhoneSimulator
		{E1396656-31F5-48A1-B936-5DCCBA58A4BF}.Debug|Any CPU.Build.0 = Debug|iPhoneSimulator
		{E1396656-31F5-48A1-B936-5DCCBA58A4BF}.Release|Any CPU.ActiveCfg = Release|iPhone
		{E1396656-31F5-48A1-B936-5DCCBA58A4BF}.Release|Any CPU.Build.0 = Release|iPhone
		{B62DD3DC-4B63-4EF8-84A4-67090E964CE2}.Debug|iPhoneSimulator.ActiveCfg = Debug|Any CPU
		{B62DD3DC-4B63-4EF8-84A4-67090E964CE2}.Debug|iPhoneSimulator.Build.0 = Debug|Any CPU
		{B62DD3DC-4B63-4EF8-84A4-67090E964CE2}.Release|iPhone.ActiveCfg = Release|Any CPU
		{B62DD3DC-4B63-4EF8-84A4-67090E964CE2}.Release|iPhone.Build.0 = Release|Any CPU
		{B62DD3DC-4B63-4EF8-84A4-67090E964CE2}.Release|iPhoneSimulator.ActiveCfg = Release|Any CPU
		{B62DD3DC-4B63-4EF8-84A4-67090E964CE2}.Release|iPhoneSimulator.Build.0 = Release|Any CPU
		{B62DD3DC-4B63-4EF8-84A4-67090E964CE2}.Debug|iPhone.ActiveCfg = Debug|Any CPU
		{B62DD3DC-4B63-4EF8-84A4-67090E964CE2}.Debug|iPhone.Build.0 = Debug|Any CPU
		{B62DD3DC-4B63-4EF8-84A4-67090E964CE2}.Debug|Any CPU.ActiveCfg = Debug|Any CPU
		{B62DD3DC-4B63-4EF8-84A4-67090E964CE2}.Debug|Any CPU.Build.0 = Debug|Any CPU
		{B62DD3DC-4B63-4EF8-84A4-67090E964CE2}.Release|Any CPU.ActiveCfg = Release|Any CPU
		{B62DD3DC-4B63-4EF8-84A4-67090E964CE2}.Release|Any CPU.Build.0 = Release|Any CPU
	EndGlobalSection
EndGlobal
